
Microsoft Visual Studio Solution File, Format Version 12.00
Project("{FAE04EC0-301F-11D3-BF4B-00C04F79EFBC}") = "CheckSum", "CheckSum\CheckSum.csproj", "{86CF75EB-C224-4C9E-BB97-83CC3F8E55BF}"
EndProject
Global
	GlobalSection(SolutionConfigurationPlatforms) = preSolution
		Debug|Any CPU = Debug|Any CPU
		Release|Any CPU = Release|Any CPU
	EndGlobalSection
	GlobalSection(ProjectConfigurationPlatforms) = postSolution
		{86CF75EB-C224-4C9E-BB97-83CC3F8E55BF}.Debug|Any CPU.ActiveCfg = Debug|Any CPU
		{86CF75EB-C224-4C9E-BB97-83CC3F8E55BF}.Debug|Any CPU.Build.0 = Debug|Any CPU
		{86CF75EB-C224-4C9E-BB97-83CC3F8E55BF}.Release|Any CPU.ActiveCfg = Release|Any CPU
		{86CF75EB-C224-4C9E-BB97-83CC3F8E55BF}.Release|Any CPU.Build.0 = Release|Any CPU
	EndGlobalSection
EndGlobal
